// !$*UTF8*$!
{
	archiveVersion = 1;
	classes = {
	};
	objectVersion = 50;
	objects = {

/* Begin PBXBuildFile section */
		DB1AA1FB2627E84F00BEADDF /* AppDelegate.swift in Sources */ = {isa = PBXBuildFile; fileRef = DB1AA1FA2627E84F00BEADDF /* AppDelegate.swift */; };
		DB1AA1FD2627E84F00BEADDF /* SceneDelegate.swift in Sources */ = {isa = PBXBuildFile; fileRef = DB1AA1FC2627E84F00BEADDF /* SceneDelegate.swift */; };
		DB1AA2022627E84F00BEADDF /* Main.storyboard in Resources */ = {isa = PBXBuildFile; fileRef = DB1AA2002627E84F00BEADDF /* Main.storyboard */; };
		DB1AA2042627E85100BEADDF /* Assets.xcassets in Resources */ = {isa = PBXBuildFile; fileRef = DB1AA2032627E85100BEADDF /* Assets.xcassets */; };
		DB1AA2072627E85100BEADDF /* LaunchScreen.storyboard in Resources */ = {isa = PBXBuildFile; fileRef = DB1AA2052627E85100BEADDF /* LaunchScreen.storyboard */; };
		DB1AA2102628312F00BEADDF /* PaperDoll_ViewController.swift in Sources */ = {isa = PBXBuildFile; fileRef = DB1AA20F2628312F00BEADDF /* PaperDoll_ViewController.swift */; };
/* End PBXBuildFile section */

/* Begin PBXFileReference section */
		DB1AA1F72627E84F00BEADDF /* paper_doll.app */ = {isa = PBXFileReference; explicitFileType = wrapper.application; includeInIndex = 0; path = paper_doll.app; sourceTree = BUILT_PRODUCTS_DIR; };
		DB1AA1FA2627E84F00BEADDF /* AppDelegate.swift */ = {isa = PBXFileReference; lastKnownFileType = sourcecode.swift; path = AppDelegate.swift; sourceTree = "<group>"; };
		DB1AA1FC2627E84F00BEADDF /* SceneDelegate.swift */ = {isa = PBXFileReference; lastKnownFileType = sourcecode.swift; path = SceneDelegate.swift; sourceTree = "<group>"; };
		DB1AA2012627E84F00BEADDF /* Base */ = {isa = PBXFileReference; lastKnownFileType = file.storyboard; name = Base; path = Base.lproj/Main.storyboard; sourceTree = "<group>"; };
		DB1AA2032627E85100BEADDF /* Assets.xcassets */ = {isa = PBXFileReference; lastKnownFileType = folder.assetcatalog; path = Assets.xcassets; sourceTree = "<group>"; };
		DB1AA2062627E85100BEADDF /* Base */ = {isa = PBXFileReference; lastKnownFileType = file.storyboard; name = Base; path = Base.lproj/LaunchScreen.storyboard; sourceTree = "<group>"; };
		DB1AA2082627E85100BEADDF /* Info.plist */ = {isa = PBXFileReference; lastKnownFileType = text.plist.xml; path = Info.plist; sourceTree = "<group>"; };
		DB1AA20F2628312F00BEADDF /* PaperDoll_ViewController.swift */ = {isa = PBXFileReference; lastKnownFileType = sourcecode.swift; path = PaperDoll_ViewController.swift; sourceTree = "<group>"; };
/* End PBXFileReference section */

/* Begin PBXFrameworksBuildPhase section */
		DB1AA1F42627E84F00BEADDF /* Frameworks */ = {
			isa = PBXFrameworksBuildPhase;
			buildActionMask = 2147483647;
			files = (
			);
			runOnlyForDeploymentPostprocessing = 0;
		};
/* End PBXFrameworksBuildPhase section */

/* Begin PBXGroup section */
		DB1AA1EE2627E84F00BEADDF = {
			isa = PBXGroup;
			children = (
				DB1AA1F92627E84F00BEADDF /* paper_doll */,
				DB1AA1F82627E84F00BEADDF /* Products */,
			);
			sourceTree = "<group>";
		};
		DB1AA1F82627E84F00BEADDF /* Products */ = {
			isa = PBXGroup;
			children = (
				DB1AA1F72627E84F00BEADDF /* paper_doll.app */,
			);
			name = Products;
			sourceTree = "<group>";
		};
		DB1AA1F92627E84F00BEADDF /* paper_doll */ = {
			isa = PBXGroup;
			children = (
				DB1AA1FA2627E84F00BEADDF /* AppDelegate.swift */,
				DB1AA1FC2627E84F00BEADDF /* SceneDelegate.swift */,
				DB1AA20F2628312F00BEADDF /* PaperDoll_ViewController.swift */,
				DB1AA2002627E84F00BEADDF /* Main.storyboard */,
				DB1AA2032627E85100BEADDF /* Assets.xcassets */,
				DB1AA2052627E85100BEADDF /* LaunchScreen.storyboard */,
				DB1AA2082627E85100BEADDF /* Info.plist */,
			);
			path = paper_doll;
			sourceTree = "<group>";
		};
/* End PBXGroup section */

/* Begin PBXNativeTarget section */
		DB1AA1F62627E84F00BEADDF /* paper_doll */ = {
			isa = PBXNativeTarget;
			buildConfigurationList = DB1AA20B2627E85100BEADDF /* Build configuration list for PBXNativeTarget "paper_doll" */;
			buildPhases = (
				DB1AA1F32627E84F00BEADDF /* Sources */,
				DB1AA1F42627E84F00BEADDF /* Frameworks */,
				DB1AA1F52627E84F00BEADDF /* Resources */,
			);
			buildRules = (
			);
			dependencies = (
			);
			name = paper_doll;
			productName = paper_doll;
			productReference = DB1AA1F72627E84F00BEADDF /* paper_doll.app */;
			productType = "com.apple.product-type.application";
		};
/* End PBXNativeTarget section */

/* Begin PBXProject section */
		DB1AA1EF2627E84F00BEADDF /* Project object */ = {
			isa = PBXProject;
			attributes = {
				LastSwiftUpdateCheck = 1240;
				LastUpgradeCheck = 1240;
				TargetAttributes = {
					DB1AA1F62627E84F00BEADDF = {
						CreatedOnToolsVersion = 12.4;
					};
				};
			};
			buildConfigurationList = DB1AA1F22627E84F00BEADDF /* Build configuration list for PBXProject "paper_doll" */;
			compatibilityVersion = "Xcode 9.3";
			developmentRegion = en;
			hasScannedForEncodings = 0;
			knownRegions = (
				en,
				Base,
			);
			mainGroup = DB1AA1EE2627E84F00BEADDF;
			productRefGroup = DB1AA1F82627E84F00BEADDF /* Products */;
			projectDirPath = "";
			projectRoot = "";
			targets = (
				DB1AA1F62627E84F00BEADDF /* paper_doll */,
			);
		};
/* End PBXProject section */

/* Begin PBXResourcesBuildPhase section */
		DB1AA1F52627E84F00BEADDF /* Resources */ = {
			isa = PBXResourcesBuildPhase;
			buildActionMask = 2147483647;
			files = (
				DB1AA2072627E85100BEADDF /* LaunchScreen.storyboard in Resources */,
				DB1AA2042627E85100BEADDF /* Assets.xcassets in Resources */,
				DB1AA2022627E84F00BEADDF /* Main.storyboard in Resources */,
			);
			runOnlyForDeploymentPostprocessing = 0;
		};
/* End PBXResourcesBuildPhase section */

/* Begin PBXSourcesBuildPhase section */
		DB1AA1F32627E84F00BEADDF /* Sources */ = {
			isa = PBXSourcesBuildPhase;
			buildActionMask = 2147483647;
			files = (
				DB1AA1FB2627E84F00BEADDF /* AppDelegate.swift in Sources */,
				DB1AA2102628312F00BEADDF /* PaperDoll_ViewController.swift in Sources */,
				DB1AA1FD2627E84F00BEADDF /* SceneDelegate.swift in Sources */,
			);
			runOnlyForDeploymentPostprocessing = 0;
		};
/* End PBXSourcesBuildPhase section */

/* Begin PBXVariantGroup section */
		DB1AA2002627E84F00BEADDF /* Main.storyboard */ = {
			isa = PBXVariantGroup;
			children = (
				DB1AA2012627E84F00BEADDF /* Base */,
			);
			name = Main.storyboard;
			sourceTree = "<group>";
		};
		DB1AA2052627E85100BEADDF /* LaunchScreen.storyboard */ = {
			isa = PBXVariantGroup;
			children = (
				DB1AA2062627E85100BEADDF /* Base */,
			);
			name = LaunchScreen.storyboard;
			sourceTree = "<group>";
		};
/* End PBXVariantGroup section */

/* Begin XCBuildConfiguration section */
		DB1AA2092627E85100BEADDF /* Debug */ = {
			isa = XCBuildConfiguration;
			buildSettings = {
				ALWAYS_SEARCH_USER_PATHS = NO;
				CLANG_ANALYZER_NONNULL = YES;
				CLANG_ANALYZER_NUMBER_OBJECT_CONVERSION = YES_AGGRESSIVE;
				CLANG_CXX_LANGUAGE_STANDARD = "gnu++14";
				CLANG_CXX_LIBRARY = "libc++";
				CLANG_ENABLE_MODULES = YES;
				CLANG_ENABLE_OBJC_ARC = YES;
				CLANG_ENABLE_OBJC_WEAK = YES;
				CLANG_WARN_BLOCK_CAPTURE_AUTORELEASING = YES;
				CLANG_WARN_BOOL_CONVERSION = YES;
				CLANG_WARN_COMMA = YES;
				CLANG_WARN_CONSTANT_CONVERSION = YES;
				CLANG_WARN_DEPRECATED_OBJC_IMPLEMENTATIONS = YES;
				CLANG_WARN_DIRECT_OBJC_ISA_USAGE = YES_ERROR;
				CLANG_WARN_DOCUMENTATION_COMMENTS = YES;
				CLANG_WARN_EMPTY_BODY = YES;
				CLANG_WARN_ENUM_CONVERSION = YES;
				CLANG_WARN_INFINITE_RECURSION = YES;
				CLANG_WARN_INT_CONVERSION = YES;
				CLANG_WARN_NON_LITERAL_NULL_CONVERSION = YES;
				CLANG_WARN_OBJC_IMPLICIT_RETAIN_SELF = YES;
				CLANG_WARN_OBJC_LITERAL_CONVERSION = YES;
				CLANG_WARN_OBJC_ROOT_CLASS = YES_ERROR;
				CLANG_WARN_QUOTED_INCLUDE_IN_FRAMEWORK_HEADER = YES;
				CLANG_WARN_RANGE_LOOP_ANALYSIS = YES;
				CLANG_WARN_STRICT_PROTOTYPES = YES;
				CLANG_WARN_SUSPICIOUS_MOVE = YES;
				CLANG_WARN_UNGUARDED_AVAILABILITY = YES_AGGRESSIVE;
				CLANG_WARN_UNREACHABLE_CODE = YES;
				CLANG_WARN__DUPLICATE_METHOD_MATCH = YES;
				COPY_PHASE_STRIP = NO;
				DEBUG_INFORMATION_FORMAT = dwarf;
				ENABLE_STRICT_OBJC_MSGSEND = YES;
				ENABLE_TESTABILITY = YES;
				GCC_C_LANGUAGE_STANDARD = gnu11;
				GCC_DYNAMIC_NO_PIC = NO;
				GCC_NO_COMMON_BLOCKS = YES;
				GCC_OPTIMIZATION_LEVEL = 0;
				GCC_PREPROCESSOR_DEFINITIONS = (
					"DEBUG=1",
					"$(inherited)",
				);
				GCC_WARN_64_TO_32_BIT_CONVERSION = YES;
				GCC_WARN_ABOUT_RETURN_TYPE = YES_ERROR;
				GCC_WARN_UNDECLARED_SELECTOR = YES;
				GCC_WARN_UNINITIALIZED_AUTOS = YES_AGGRESSIVE;
				GCC_WARN_UNUSED_FUNCTION = YES;
				GCC_WARN_UNUSED_VARIABLE = YES;
				IPHONEOS_DEPLOYMENT_TARGET = 14.4;
				MTL_ENABLE_DEBUG_INFO = INCLUDE_SOURCE;
				MTL_FAST_MATH = YES;
				ONLY_ACTIVE_ARCH = YES;
				SDKROOT = iphoneos;
				SWIFT_ACTIVE_COMPILATION_CONDITIONS = DEBUG;
				SWIFT_OPTIMIZATION_LEVEL = "-Onone";
			};
			name = Debug;
		};
		DB1AA20A2627E85100BEADDF /* Release */ = {
			isa = XCBuildConfiguration;
			buildSettings = {
				ALWAYS_SEARCH_USER_PATHS = NO;
				CLANG_ANALYZER_NONNULL = YES;
				CLANG_ANALYZER_NUMBER_OBJECT_CONVERSION = YES_AGGRESSIVE;
				CLANG_CXX_LANGUAGE_STANDARD = "gnu++14";
				CLANG_CXX_LIBRARY = "libc++";
				CLANG_ENABLE_MODULES = YES;
				CLANG_ENABLE_OBJC_ARC = YES;
				CLANG_ENABLE_OBJC_WEAK = YES;
				CLANG_WARN_BLOCK_CAPTURE_AUTORELEASING = YES;
				CLANG_WARN_BOOL_CONVERSION = YES;
				CLANG_WARN_COMMA = YES;
				CLANG_WARN_CONSTANT_CONVERSION = YES;
				CLANG_WARN_DEPRECATED_OBJC_IMPLEMENTATIONS = YES;
				CLANG_WARN_DIRECT_OBJC_ISA_USAGE = YES_ERROR;
				CLANG_WARN_DOCUMENTATION_COMMENTS = YES;
				CLANG_WARN_EMPTY_BODY = YES;
				CLANG_WARN_ENUM_CONVERSION = YES;
				CLANG_WARN_INFINITE_RECURSION = YES;
				CLANG_WARN_INT_CONVERSION = YES;
				CLANG_WARN_NON_LITERAL_NULL_CONVERSION = YES;
				CLANG_WARN_OBJC_IMPLICIT_RETAIN_SELF = YES;
				CLANG_WARN_OBJC_LITERAL_CONVERSION = YES;
				CLANG_WARN_OBJC_ROOT_CLASS = YES_ERROR;
				CLANG_WARN_QUOTED_INCLUDE_IN_FRAMEWORK_HEADER = YES;
				CLANG_WARN_RANGE_LOOP_ANALYSIS = YES;
				CLANG_WARN_STRICT_PROTOTYPES = YES;
				CLANG_WARN_SUSPICIOUS_MOVE = YES;
				CLANG_WARN_UNGUARDED_AVAILABILITY = YES_AGGRESSIVE;
				CLANG_WARN_UNREACHABLE_CODE = YES;
				CLANG_WARN__DUPLICATE_METHOD_MATCH = YES;
				COPY_PHASE_STRIP = NO;
				DEBUG_INFORMATION_FORMAT = "dwarf-with-dsym";
				ENABLE_NS_ASSERTIONS = NO;
				ENABLE_STRICT_OBJC_MSGSEND = YES;
				GCC_C_LANGUAGE_STANDARD = gnu11;
				GCC_NO_COMMON_BLOCKS = YES;
				GCC_WARN_64_TO_32_BIT_CONVERSION = YES;
				GCC_WARN_ABOUT_RETURN_TYPE = YES_ERROR;
				GCC_WARN_UNDECLARED_SELECTOR = YES;
				GCC_WARN_UNINITIALIZED_AUTOS = YES_AGGRESSIVE;
				GCC_WARN_UNUSED_FUNCTION = YES;
				GCC_WARN_UNUSED_VARIABLE = YES;
				IPHONEOS_DEPLOYMENT_TARGET = 14.4;
				MTL_ENABLE_DEBUG_INFO = NO;
				MTL_FAST_MATH = YES;
				SDKROOT = iphoneos;
				SWIFT_COMPILATION_MODE = wholemodule;
				SWIFT_OPTIMIZATION_LEVEL = "-O";
				VALIDATE_PRODUCT = YES;
			};
			name = Release;
		};
		DB1AA20C2627E85100BEADDF /* Debug */ = {
			isa = XCBuildConfiguration;
			buildSettings = {
				ASSETCATALOG_COMPILER_APPICON_NAME = AppIcon;
				ASSETCATALOG_COMPILER_GLOBAL_ACCENT_COLOR_NAME = AccentColor;
				CODE_SIGN_STYLE = Automatic;
				DEVELOPMENT_TEAM = 7PRN2H97M8;
				INFOPLIST_FILE = paper_doll/Info.plist;
				LD_RUNPATH_SEARCH_PATHS = (
					"$(inherited)",
					"@executable_path/Frameworks",
				);
				PRODUCT_BUNDLE_IDENTIFIER = "com.yousun.paper-doll";
				PRODUCT_NAME = "$(TARGET_NAME)";
				SWIFT_VERSION = 5.0;
				TARGETED_DEVICE_FAMILY = "1,2";
			};
			name = Debug;
		};
		DB1AA20D2627E85100BEADDF /* Release */ = {
			isa = XCBuildConfiguration;
			buildSettings = {
				ASSETCATALOG_COMPILER_APPICON_NAME = AppIcon;
				ASSETCATALOG_COMPILER_GLOBAL_ACCENT_COLOR_NAME = AccentColor;
				CODE_SIGN_STYLE = Automatic;
				DEVELOPMENT_TEAM = 7PRN2H97M8;
				INFOPLIST_FILE = paper_doll/Info.plist;
				LD_RUNPATH_SEARCH_PATHS = (
					"$(inherited)",
					"@executable_path/Frameworks",
				);
				PRODUCT_BUNDLE_IDENTIFIER = "com.yousun.paper-doll";
				PRODUCT_NAME = "$(TARGET_NAME)";
				SWIFT_VERSION = 5.0;
				TARGETED_DEVICE_FAMILY = "1,2";
			};
			name = Release;
		};
/* End XCBuildConfiguration section */

/* Begin XCConfigurationList section */
		DB1AA1F22627E84F00BEADDF /* Build configuration list for PBXProject "paper_doll" */ = {
			isa = XCConfigurationList;
			buildConfigurations = (
				DB1AA2092627E85100BEADDF /* Debug */,
				DB1AA20A2627E85100BEADDF /* Release */,
			);
			defaultConfigurationIsVisible = 0;
			defaultConfigurationName = Release;
		};
		DB1AA20B2627E85100BEADDF /* Build configuration list for PBXNativeTarget "paper_doll" */ = {
			isa = XCConfigurationList;
			buildConfigurations = (
				DB1AA20C2627E85100BEADDF /* Debug */,
				DB1AA20D2627E85100BEADDF /* Release */,
			);
			defaultConfigurationIsVisible = 0;
			defaultConfigurationName = Release;
		};
/* End XCConfigurationList section */
	};
	rootObject = DB1AA1EF2627E84F00BEADDF /* Project object */;
}
